
Microsoft Visual Studio Solution File, Format Version 12.00
Project("{FAE04EC0-301F-11D3-BF4B-00C04F79EFBC}") = "Builder", "Builder\Builder.csproj", "{4A7436DE-ABC1-403E-96D2-5F63F15FED4E}"
EndProject
Project("{2150E333-8FDC-42A3-9474-1A3956D46DE8}") = "Creational", "Creational", "{71478E62-ADCF-4B1F-8BF7-2FA0817F75CA}"
EndProject
Project("{FAE04EC0-301F-11D3-BF4B-00C04F79EFBC}") = "Factory", "Factory\Factory.csproj", "{34576717-85FD-4F4B-968C-3C41F7E1AB22}"
EndProject
Project("{FAE04EC0-301F-11D3-BF4B-00C04F79EFBC}") = "Utilities", "Utilities\Utilities.csproj", "{8307E974-EF24-4219-BE97-9E5B68CFEF39}"
EndProject
Project("{FAE04EC0-301F-11D3-BF4B-00C04F79EFBC}") = "Prototype", "Prototype\Prototype.csproj", "{9FA4DC1A-60D8-4C07-A146-8D0B5FD35473}"
EndProject
Project("{FAE04EC0-301F-11D3-BF4B-00C04F79EFBC}") = "Singleton", "Singleton\Singleton.csproj", "{6BD52F19-938A-4D67-8AD5-0A17B33CF46F}"
EndProject
Project("{2150E333-8FDC-42A3-9474-1A3956D46DE8}") = "Structural", "Structural", "{F36ABBB1-AA04-44DC-AAB6-29DC1352D662}"
EndProject
Project("{FAE04EC0-301F-11D3-BF4B-00C04F79EFBC}") = "Adapter", "Adapter\Adapter.csproj", "{63EA7C6D-1D64-4BBE-8DA1-82E83F62B09B}"
EndProject
Project("{FAE04EC0-301F-11D3-BF4B-00C04F79EFBC}") = "Bridge", "Bridge\Bridge.csproj", "{202FEB52-5C95-48F9-A3CA-669A868C816E}"
EndProject
Project("{FAE04EC0-301F-11D3-BF4B-00C04F79EFBC}") = "Composite", "Composite\Composite.csproj", "{42377BDE-BCE5-4F14-B897-75E4258E85E4}"
EndProject
Project("{FAE04EC0-301F-11D3-BF4B-00C04F79EFBC}") = "Decorator", "Decorator\Decorator.csproj", "{6169157B-3946-4D38-B0E5-AD0849461073}"
EndProject
Global
	GlobalSection(SolutionConfigurationPlatforms) = preSolution
		Debug|Any CPU = Debug|Any CPU
		Release|Any CPU = Release|Any CPU
	EndGlobalSection
	GlobalSection(ProjectConfigurationPlatforms) = postSolution
		{4A7436DE-ABC1-403E-96D2-5F63F15FED4E}.Debug|Any CPU.ActiveCfg = Debug|Any CPU
		{4A7436DE-ABC1-403E-96D2-5F63F15FED4E}.Debug|Any CPU.Build.0 = Debug|Any CPU
		{4A7436DE-ABC1-403E-96D2-5F63F15FED4E}.Release|Any CPU.ActiveCfg = Release|Any CPU
		{4A7436DE-ABC1-403E-96D2-5F63F15FED4E}.Release|Any CPU.Build.0 = Release|Any CPU
		{34576717-85FD-4F4B-968C-3C41F7E1AB22}.Debug|Any CPU.ActiveCfg = Debug|Any CPU
		{34576717-85FD-4F4B-968C-3C41F7E1AB22}.Debug|Any CPU.Build.0 = Debug|Any CPU
		{34576717-85FD-4F4B-968C-3C41F7E1AB22}.Release|Any CPU.ActiveCfg = Release|Any CPU
		{34576717-85FD-4F4B-968C-3C41F7E1AB22}.Release|Any CPU.Build.0 = Release|Any CPU
		{8307E974-EF24-4219-BE97-9E5B68CFEF39}.Debug|Any CPU.ActiveCfg = Debug|Any CPU
		{8307E974-EF24-4219-BE97-9E5B68CFEF39}.Debug|Any CPU.Build.0 = Debug|Any CPU
		{8307E974-EF24-4219-BE97-9E5B68CFEF39}.Release|Any CPU.ActiveCfg = Release|Any CPU
		{8307E974-EF24-4219-BE97-9E5B68CFEF39}.Release|Any CPU.Build.0 = Release|Any CPU
		{9FA4DC1A-60D8-4C07-A146-8D0B5FD35473}.Debug|Any CPU.ActiveCfg = Debug|Any CPU
		{9FA4DC1A-60D8-4C07-A146-8D0B5FD35473}.Debug|Any CPU.Build.0 = Debug|Any CPU
		{9FA4DC1A-60D8-4C07-A146-8D0B5FD35473}.Release|Any CPU.ActiveCfg = Release|Any CPU
		{9FA4DC1A-60D8-4C07-A146-8D0B5FD35473}.Release|Any CPU.Build.0 = Release|Any CPU
		{6BD52F19-938A-4D67-8AD5-0A17B33CF46F}.Debug|Any CPU.ActiveCfg = Debug|Any CPU
		{6BD52F19-938A-4D67-8AD5-0A17B33CF46F}.Debug|Any CPU.Build.0 = Debug|Any CPU
		{6BD52F19-938A-4D67-8AD5-0A17B33CF46F}.Release|Any CPU.ActiveCfg = Release|Any CPU
		{6BD52F19-938A-4D67-8AD5-0A17B33CF46F}.Release|Any CPU.Build.0 = Release|Any CPU
		{63EA7C6D-1D64-4BBE-8DA1-82E83F62B09B}.Debug|Any CPU.ActiveCfg = Debug|Any CPU
		{63EA7C6D-1D64-4BBE-8DA1-82E83F62B09B}.Debug|Any CPU.Build.0 = Debug|Any CPU
		{63EA7C6D-1D64-4BBE-8DA1-82E83F62B09B}.Release|Any CPU.ActiveCfg = Release|Any CPU
		{63EA7C6D-1D64-4BBE-8DA1-82E83F62B09B}.Release|Any CPU.Build.0 = Release|Any CPU
		{202FEB52-5C95-48F9-A3CA-669A868C816E}.Debug|Any CPU.ActiveCfg = Debug|Any CPU
		{202FEB52-5C95-48F9-A3CA-669A868C816E}.Debug|Any CPU.Build.0 = Debug|Any CPU
		{202FEB52-5C95-48F9-A3CA-669A868C816E}.Release|Any CPU.ActiveCfg = Release|Any CPU
		{202FEB52-5C95-48F9-A3CA-669A868C816E}.Release|Any CPU.Build.0 = Release|Any CPU
		{42377BDE-BCE5-4F14-B897-75E4258E85E4}.Debug|Any CPU.ActiveCfg = Debug|Any CPU
		{42377BDE-BCE5-4F14-B897-75E4258E85E4}.Debug|Any CPU.Build.0 = Debug|Any CPU
		{42377BDE-BCE5-4F14-B897-75E4258E85E4}.Release|Any CPU.ActiveCfg = Release|Any CPU
		{42377BDE-BCE5-4F14-B897-75E4258E85E4}.Release|Any CPU.Build.0 = Release|Any CPU
		{6169157B-3946-4D38-B0E5-AD0849461073}.Debug|Any CPU.ActiveCfg = Debug|Any CPU
		{6169157B-3946-4D38-B0E5-AD0849461073}.Debug|Any CPU.Build.0 = Debug|Any CPU
		{6169157B-3946-4D38-B0E5-AD0849461073}.Release|Any CPU.ActiveCfg = Release|Any CPU
		{6169157B-3946-4D38-B0E5-AD0849461073}.Release|Any CPU.Build.0 = Release|Any CPU
	EndGlobalSection
	GlobalSection(NestedProjects) = preSolution
		{4A7436DE-ABC1-403E-96D2-5F63F15FED4E} = {71478E62-ADCF-4B1F-8BF7-2FA0817F75CA}
		{34576717-85FD-4F4B-968C-3C41F7E1AB22} = {71478E62-ADCF-4B1F-8BF7-2FA0817F75CA}
		{9FA4DC1A-60D8-4C07-A146-8D0B5FD35473} = {71478E62-ADCF-4B1F-8BF7-2FA0817F75CA}
		{6BD52F19-938A-4D67-8AD5-0A17B33CF46F} = {71478E62-ADCF-4B1F-8BF7-2FA0817F75CA}
		{63EA7C6D-1D64-4BBE-8DA1-82E83F62B09B} = {F36ABBB1-AA04-44DC-AAB6-29DC1352D662}
		{202FEB52-5C95-48F9-A3CA-669A868C816E} = {F36ABBB1-AA04-44DC-AAB6-29DC1352D662}
		{42377BDE-BCE5-4F14-B897-75E4258E85E4} = {F36ABBB1-AA04-44DC-AAB6-29DC1352D662}
		{6169157B-3946-4D38-B0E5-AD0849461073} = {F36ABBB1-AA04-44DC-AAB6-29DC1352D662}
	EndGlobalSection
EndGlobal
